
Microsoft Visual Studio Solution File, Format Version 12.00
# Visual Studio Version 16
VisualStudioVersion = 16.0.31105.61
MinimumVisualStudioVersion = 10.0.40219.1
Project("{FAE04EC0-301F-11D3-BF4B-00C04F79EFBC}") = "2021 TTMS", "WindowsFormsApp1\2021 TTMS.csproj", "{DE599FC9-322C-407E-8AE1-D8663333B361}"
EndProject
Global
	GlobalSection(SolutionConfigurationPlatforms) = preSolution
		Debug|Any CPU = Debug|Any CPU
		Release|Any CPU = Release|Any CPU
	EndGlobalSection
	GlobalSection(ProjectConfigurationPlatforms) = postSolution
		{DE599FC9-322C-407E-8AE1-D8663333B361}.Debug|Any CPU.ActiveCfg = Debug|Any CPU
		{DE599FC9-322C-407E-8AE1-D8663333B361}.Debug|Any CPU.Build.0 = Debug|Any CPU
		{DE599FC9-322C-407E-8AE1-D8663333B361}.Release|Any CPU.ActiveCfg = Release|Any CPU
		{DE599FC9-322C-407E-8AE1-D8663333B361}.Release|Any CPU.Build.0 = Release|Any CPU
	EndGlobalSection
	GlobalSection(SolutionProperties) = preSolution
		HideSolutionNode = FALSE
	EndGlobalSection
	GlobalSection(ExtensibilityGlobals) = postSolution
		SolutionGuid = {3AA0E6AC-FD9E-4B10-A06E-F897AF274419}
	EndGlobalSection
EndGlobal
